
Microsoft Visual Studio Solution File, Format Version 12.00
# Visual Studio Version 17
VisualStudioVersion = 17.14.36429.23 d17.14
MinimumVisualStudioVersion = 10.0.40219.1
Project("{FAE04EC0-301F-11D3-BF4B-00C04F79EFBC}") = "ActividadUnidad1", "ActividadUnidad1\ActividadUnidad1.csproj", "{C27AED2B-DDF6-4596-8D4D-E4ED33AC57C0}"
EndProject
Global
	GlobalSection(SolutionConfigurationPlatforms) = preSolution
		Debug|Any CPU = Debug|Any CPU
		Release|Any CPU = Release|Any CPU
	EndGlobalSection
	GlobalSection(ProjectConfigurationPlatforms) = postSolution
		{C27AED2B-DDF6-4596-8D4D-E4ED33AC57C0}.Debug|Any CPU.ActiveCfg = Debug|Any CPU
		{C27AED2B-DDF6-4596-8D4D-E4ED33AC57C0}.Debug|Any CPU.Build.0 = Debug|Any CPU
		{C27AED2B-DDF6-4596-8D4D-E4ED33AC57C0}.Release|Any CPU.ActiveCfg = Release|Any CPU
		{C27AED2B-DDF6-4596-8D4D-E4ED33AC57C0}.Release|Any CPU.Build.0 = Release|Any CPU
	EndGlobalSection
	GlobalSection(SolutionProperties) = preSolution
		HideSolutionNode = FALSE
	EndGlobalSection
	GlobalSection(ExtensibilityGlobals) = postSolution
		SolutionGuid = {2A394E1E-C0B9-4422-9BB5-526676F4FEC8}
	EndGlobalSection
EndGlobal
